
Microsoft Visual Studio Solution File, Format Version 12.00
# Visual Studio Version 16
VisualStudioVersion = 16.0.32228.343
MinimumVisualStudioVersion = 10.0.40219.1
Project("{FAE04EC0-301F-11D3-BF4B-00C04F79EFBC}") = "FloraEmployeeInfo", "FloraEmployeeInfo\FloraEmployeeInfo.csproj", "{0C6820FD-70C5-4354-8568-31BF81771A6E}"
EndProject
Global
	GlobalSection(SolutionConfigurationPlatforms) = preSolution
		Debug|Any CPU = Debug|Any CPU
		Release|Any CPU = Release|Any CPU
	EndGlobalSection
	GlobalSection(ProjectConfigurationPlatforms) = postSolution
		{0C6820FD-70C5-4354-8568-31BF81771A6E}.Debug|Any CPU.ActiveCfg = Debug|Any CPU
		{0C6820FD-70C5-4354-8568-31BF81771A6E}.Debug|Any CPU.Build.0 = Debug|Any CPU
		{0C6820FD-70C5-4354-8568-31BF81771A6E}.Release|Any CPU.ActiveCfg = Release|Any CPU
		{0C6820FD-70C5-4354-8568-31BF81771A6E}.Release|Any CPU.Build.0 = Release|Any CPU
	EndGlobalSection
	GlobalSection(SolutionProperties) = preSolution
		HideSolutionNode = FALSE
	EndGlobalSection
	GlobalSection(ExtensibilityGlobals) = postSolution
		SolutionGuid = {A26D194D-B519-4E8B-84C5-D9B40BAAB544}
	EndGlobalSection
EndGlobal
